
Microsoft Visual Studio Solution File, Format Version 12.00
# Visual Studio Version 17
VisualStudioVersion = 17.6.33801.468
MinimumVisualStudioVersion = 10.0.40219.1
Project("{9A19103F-16F7-4668-BE54-9A1E7A4F7556}") = "SistemaInventarioV7", "SistemaInventarioV7\SistemaInventarioV7.csproj", "{85B994FF-3C45-4743-8F4F-EBD238A8BBED}"
EndProject
Project("{9A19103F-16F7-4668-BE54-9A1E7A4F7556}") = "SistemaInventario.AccesoDatos", "SistemaInventario.AccesoDatos\SistemaInventario.AccesoDatos.csproj", "{E59CD254-DDCA-4EF2-9945-9C525C82FA42}"
EndProject
Project("{9A19103F-16F7-4668-BE54-9A1E7A4F7556}") = "SistemaInventario.Modelos", "SistemaInventario.Modelos\SistemaInventario.Modelos.csproj", "{EB46727C-F20A-4E73-97F3-4E956FF24AAE}"
EndProject
Project("{9A19103F-16F7-4668-BE54-9A1E7A4F7556}") = "SistemaInventario.Utilidades", "SistemaInventario.Utilidades\SistemaInventario.Utilidades.csproj", "{D00187ED-8B4D-4442-B90F-4D59A9296797}"
EndProject
Global
	GlobalSection(SolutionConfigurationPlatforms) = preSolution
		Debug|Any CPU = Debug|Any CPU
		Release|Any CPU = Release|Any CPU
	EndGlobalSection
	GlobalSection(ProjectConfigurationPlatforms) = postSolution
		{85B994FF-3C45-4743-8F4F-EBD238A8BBED}.Debug|Any CPU.ActiveCfg = Debug|Any CPU
		{85B994FF-3C45-4743-8F4F-EBD238A8BBED}.Debug|Any CPU.Build.0 = Debug|Any CPU
		{85B994FF-3C45-4743-8F4F-EBD238A8BBED}.Release|Any CPU.ActiveCfg = Release|Any CPU
		{85B994FF-3C45-4743-8F4F-EBD238A8BBED}.Release|Any CPU.Build.0 = Release|Any CPU
		{E59CD254-DDCA-4EF2-9945-9C525C82FA42}.Debug|Any CPU.ActiveCfg = Debug|Any CPU
		{E59CD254-DDCA-4EF2-9945-9C525C82FA42}.Debug|Any CPU.Build.0 = Debug|Any CPU
		{E59CD254-DDCA-4EF2-9945-9C525C82FA42}.Release|Any CPU.ActiveCfg = Release|Any CPU
		{E59CD254-DDCA-4EF2-9945-9C525C82FA42}.Release|Any CPU.Build.0 = Release|Any CPU
		{EB46727C-F20A-4E73-97F3-4E956FF24AAE}.Debug|Any CPU.ActiveCfg = Debug|Any CPU
		{EB46727C-F20A-4E73-97F3-4E956FF24AAE}.Debug|Any CPU.Build.0 = Debug|Any CPU
		{EB46727C-F20A-4E73-97F3-4E956FF24AAE}.Release|Any CPU.ActiveCfg = Release|Any CPU
		{EB46727C-F20A-4E73-97F3-4E956FF24AAE}.Release|Any CPU.Build.0 = Release|Any CPU
		{D00187ED-8B4D-4442-B90F-4D59A9296797}.Debug|Any CPU.ActiveCfg = Debug|Any CPU
		{D00187ED-8B4D-4442-B90F-4D59A9296797}.Debug|Any CPU.Build.0 = Debug|Any CPU
		{D00187ED-8B4D-4442-B90F-4D59A9296797}.Release|Any CPU.ActiveCfg = Release|Any CPU
		{D00187ED-8B4D-4442-B90F-4D59A9296797}.Release|Any CPU.Build.0 = Release|Any CPU
	EndGlobalSection
	GlobalSection(SolutionProperties) = preSolution
		HideSolutionNode = FALSE
	EndGlobalSection
	GlobalSection(ExtensibilityGlobals) = postSolution
		SolutionGuid = {3CDCA1CE-DF0D-4D63-98F4-144F95EB7648}
	EndGlobalSection
EndGlobal
